
Microsoft Visual Studio Solution File, Format Version 12.00
# Visual Studio Version 16
VisualStudioVersion = 16.0.31729.503
MinimumVisualStudioVersion = 10.0.40219.1
Project("{FAE04EC0-301F-11D3-BF4B-00C04F79EFBC}") = "LineImpedance", "LineImpedance\LineImpedance.csproj", "{A0436898-F8E7-4876-A8BC-48A455FC1DBA}"
EndProject
Project("{2150E333-8FDC-42A3-9474-1A3956D46DE8}") = "Tests", "Tests", "{00857935-5D3D-4E5C-99A7-ABA1A7BBAD25}"
EndProject
Project("{2150E333-8FDC-42A3-9474-1A3956D46DE8}") = "UI", "UI", "{2C453356-A6EA-4C31-85AE-27005E0851F8}"
EndProject
Project("{FAE04EC0-301F-11D3-BF4B-00C04F79EFBC}") = "LineImpedance.Tests", "LineImpedance.Tests\LineImpedance.Tests.csproj", "{094B0F00-A11D-41FB-AFDB-B016BFEF21C2}"
EndProject
Global
	GlobalSection(SolutionConfigurationPlatforms) = preSolution
		Debug|Any CPU = Debug|Any CPU
		Release|Any CPU = Release|Any CPU
	EndGlobalSection
	GlobalSection(ProjectConfigurationPlatforms) = postSolution
		{A0436898-F8E7-4876-A8BC-48A455FC1DBA}.Debug|Any CPU.ActiveCfg = Debug|Any CPU
		{A0436898-F8E7-4876-A8BC-48A455FC1DBA}.Debug|Any CPU.Build.0 = Debug|Any CPU
		{A0436898-F8E7-4876-A8BC-48A455FC1DBA}.Release|Any CPU.ActiveCfg = Release|Any CPU
		{A0436898-F8E7-4876-A8BC-48A455FC1DBA}.Release|Any CPU.Build.0 = Release|Any CPU
		{094B0F00-A11D-41FB-AFDB-B016BFEF21C2}.Debug|Any CPU.ActiveCfg = Debug|Any CPU
		{094B0F00-A11D-41FB-AFDB-B016BFEF21C2}.Debug|Any CPU.Build.0 = Debug|Any CPU
		{094B0F00-A11D-41FB-AFDB-B016BFEF21C2}.Release|Any CPU.ActiveCfg = Release|Any CPU
		{094B0F00-A11D-41FB-AFDB-B016BFEF21C2}.Release|Any CPU.Build.0 = Release|Any CPU
	EndGlobalSection
	GlobalSection(SolutionProperties) = preSolution
		HideSolutionNode = FALSE
	EndGlobalSection
	GlobalSection(NestedProjects) = preSolution
		{094B0F00-A11D-41FB-AFDB-B016BFEF21C2} = {00857935-5D3D-4E5C-99A7-ABA1A7BBAD25}
	EndGlobalSection
	GlobalSection(ExtensibilityGlobals) = postSolution
		SolutionGuid = {B5FF0CC5-1F49-420C-B50B-8E1589D0905F}
	EndGlobalSection
EndGlobal
